// !$*UTF8*$!
{
	archiveVersion = 1;
	classes = {
	};
	objectVersion = 56;
	objects = {

/* Begin PBXBuildFile section */
		BB0BC8732B22443C0052DD7F /* tree.obj in Resources */ = {isa = PBXBuildFile; fileRef = BB0BC8722B22443C0052DD7F /* tree.obj */; };
		BB0BC8752B2244400052DD7F /* tree.mtl in Resources */ = {isa = PBXBuildFile; fileRef = BB0BC8742B2244400052DD7F /* tree.mtl */; };
		BB4144812B0BE91A005FE07D /* Cube.swift in Sources */ = {isa = PBXBuildFile; fileRef = BB4144802B0BE91A005FE07D /* Cube.swift */; };
		BB5B87FF2B2132800030034C /* Model.swift in Sources */ = {isa = PBXBuildFile; fileRef = BB5B87FE2B2132800030034C /* Model.swift */; };
		BB5B88012B2132D20030034C /* Camera.swift in Sources */ = {isa = PBXBuildFile; fileRef = BB5B88002B2132D20030034C /* Camera.swift */; };
		BB5B88032B213A470030034C /* Snowman.obj in Resources */ = {isa = PBXBuildFile; fileRef = BB5B88022B213A470030034C /* Snowman.obj */; };
		BB5B88052B213A4D0030034C /* SnowmanMaterial.lib in Resources */ = {isa = PBXBuildFile; fileRef = BB5B88042B213A4D0030034C /* SnowmanMaterial.lib */; };
		BB5B88072B214B250030034C /* Cube.obj in Resources */ = {isa = PBXBuildFile; fileRef = BB5B88062B214B250030034C /* Cube.obj */; };
		BB5B88092B214ECA0030034C /* Cube2.obj in Resources */ = {isa = PBXBuildFile; fileRef = BB5B88082B214ECA0030034C /* Cube2.obj */; };
		BB6D362F2B09723300E8196C /* AppDelegate.swift in Sources */ = {isa = PBXBuildFile; fileRef = BB6D362E2B09723300E8196C /* AppDelegate.swift */; };
		BB6D36312B09723300E8196C /* SceneDelegate.swift in Sources */ = {isa = PBXBuildFile; fileRef = BB6D36302B09723300E8196C /* SceneDelegate.swift */; };
		BB6D36332B09723300E8196C /* ViewController.swift in Sources */ = {isa = PBXBuildFile; fileRef = BB6D36322B09723300E8196C /* ViewController.swift */; };
		BB6D36362B09723300E8196C /* Main.storyboard in Resources */ = {isa = PBXBuildFile; fileRef = BB6D36342B09723300E8196C /* Main.storyboard */; };
		BB6D36382B09723400E8196C /* Assets.xcassets in Resources */ = {isa = PBXBuildFile; fileRef = BB6D36372B09723400E8196C /* Assets.xcassets */; };
		BB6D363B2B09723400E8196C /* LaunchScreen.storyboard in Resources */ = {isa = PBXBuildFile; fileRef = BB6D36392B09723400E8196C /* LaunchScreen.storyboard */; };
		BB6D36432B097B5A00E8196C /* Renderer.swift in Sources */ = {isa = PBXBuildFile; fileRef = BB6D36422B097B5A00E8196C /* Renderer.swift */; };
		BB6D36452B0980D300E8196C /* Shader.metal in Sources */ = {isa = PBXBuildFile; fileRef = BB6D36442B0980D300E8196C /* Shader.metal */; };
/* End PBXBuildFile section */

/* Begin PBXFileReference section */
		BB0BC8722B22443C0052DD7F /* tree.obj */ = {isa = PBXFileReference; fileEncoding = 4; lastKnownFileType = text; path = tree.obj; sourceTree = "<group>"; };
		BB0BC8742B2244400052DD7F /* tree.mtl */ = {isa = PBXFileReference; fileEncoding = 4; lastKnownFileType = text; path = tree.mtl; sourceTree = "<group>"; };
		BB4144802B0BE91A005FE07D /* Cube.swift */ = {isa = PBXFileReference; lastKnownFileType = sourcecode.swift; path = Cube.swift; sourceTree = "<group>"; };
		BB5B87FE2B2132800030034C /* Model.swift */ = {isa = PBXFileReference; lastKnownFileType = sourcecode.swift; path = Model.swift; sourceTree = "<group>"; };
		BB5B88002B2132D20030034C /* Camera.swift */ = {isa = PBXFileReference; lastKnownFileType = sourcecode.swift; path = Camera.swift; sourceTree = "<group>"; };
		BB5B88022B213A470030034C /* Snowman.obj */ = {isa = PBXFileReference; fileEncoding = 4; lastKnownFileType = text; path = Snowman.obj; sourceTree = "<group>"; };
		BB5B88042B213A4D0030034C /* SnowmanMaterial.lib */ = {isa = PBXFileReference; fileEncoding = 4; lastKnownFileType = text; path = SnowmanMaterial.lib; sourceTree = "<group>"; };
		BB5B88062B214B250030034C /* Cube.obj */ = {isa = PBXFileReference; fileEncoding = 4; lastKnownFileType = text; path = Cube.obj; sourceTree = "<group>"; };
		BB5B88082B214ECA0030034C /* Cube2.obj */ = {isa = PBXFileReference; fileEncoding = 4; lastKnownFileType = text; path = Cube2.obj; sourceTree = "<group>"; };
		BB6D362B2B09723300E8196C /* MetalProject.app */ = {isa = PBXFileReference; explicitFileType = wrapper.application; includeInIndex = 0; path = MetalProject.app; sourceTree = BUILT_PRODUCTS_DIR; };
		BB6D362E2B09723300E8196C /* AppDelegate.swift */ = {isa = PBXFileReference; lastKnownFileType = sourcecode.swift; path = AppDelegate.swift; sourceTree = "<group>"; };
		BB6D36302B09723300E8196C /* SceneDelegate.swift */ = {isa = PBXFileReference; lastKnownFileType = sourcecode.swift; path = SceneDelegate.swift; sourceTree = "<group>"; };
		BB6D36322B09723300E8196C /* ViewController.swift */ = {isa = PBXFileReference; lastKnownFileType = sourcecode.swift; path = ViewController.swift; sourceTree = "<group>"; };
		BB6D36352B09723300E8196C /* Base */ = {isa = PBXFileReference; lastKnownFileType = file.storyboard; name = Base; path = Base.lproj/Main.storyboard; sourceTree = "<group>"; };
		BB6D36372B09723400E8196C /* Assets.xcassets */ = {isa = PBXFileReference; lastKnownFileType = folder.assetcatalog; path = Assets.xcassets; sourceTree = "<group>"; };
		BB6D363A2B09723400E8196C /* Base */ = {isa = PBXFileReference; lastKnownFileType = file.storyboard; name = Base; path = Base.lproj/LaunchScreen.storyboard; sourceTree = "<group>"; };
		BB6D363C2B09723400E8196C /* Info.plist */ = {isa = PBXFileReference; lastKnownFileType = text.plist.xml; path = Info.plist; sourceTree = "<group>"; };
		BB6D36422B097B5A00E8196C /* Renderer.swift */ = {isa = PBXFileReference; lastKnownFileType = sourcecode.swift; path = Renderer.swift; sourceTree = "<group>"; };
		BB6D36442B0980D300E8196C /* Shader.metal */ = {isa = PBXFileReference; lastKnownFileType = sourcecode.metal; path = Shader.metal; sourceTree = "<group>"; };
/* End PBXFileReference section */

/* Begin PBXFrameworksBuildPhase section */
		BB6D36282B09723300E8196C /* Frameworks */ = {
			isa = PBXFrameworksBuildPhase;
			buildActionMask = 2147483647;
			files = (
			);
			runOnlyForDeploymentPostprocessing = 0;
		};
/* End PBXFrameworksBuildPhase section */

/* Begin PBXGroup section */
		BB6D36222B09723300E8196C = {
			isa = PBXGroup;
			children = (
				BB6D362D2B09723300E8196C /* MetalProject */,
				BB6D362C2B09723300E8196C /* Products */,
			);
			sourceTree = "<group>";
		};
		BB6D362C2B09723300E8196C /* Products */ = {
			isa = PBXGroup;
			children = (
				BB6D362B2B09723300E8196C /* MetalProject.app */,
			);
			name = Products;
			sourceTree = "<group>";
		};
		BB6D362D2B09723300E8196C /* MetalProject */ = {
			isa = PBXGroup;
			children = (
				BB6D362E2B09723300E8196C /* AppDelegate.swift */,
				BB6D36302B09723300E8196C /* SceneDelegate.swift */,
				BB5B88062B214B250030034C /* Cube.obj */,
				BB5B88022B213A470030034C /* Snowman.obj */,
				BB6D36322B09723300E8196C /* ViewController.swift */,
				BB5B88042B213A4D0030034C /* SnowmanMaterial.lib */,
				BB5B87FE2B2132800030034C /* Model.swift */,
				BB6D36342B09723300E8196C /* Main.storyboard */,
				BB6D36372B09723400E8196C /* Assets.xcassets */,
				BB6D36392B09723400E8196C /* LaunchScreen.storyboard */,
				BB6D363C2B09723400E8196C /* Info.plist */,
				BB6D36422B097B5A00E8196C /* Renderer.swift */,
				BB6D36442B0980D300E8196C /* Shader.metal */,
				BB4144802B0BE91A005FE07D /* Cube.swift */,
				BB5B88002B2132D20030034C /* Camera.swift */,
				BB0BC8742B2244400052DD7F /* tree.mtl */,
				BB0BC8722B22443C0052DD7F /* tree.obj */,
				BB5B88082B214ECA0030034C /* Cube2.obj */,
			);
			path = MetalProject;
			sourceTree = "<group>";
		};
/* End PBXGroup section */

/* Begin PBXNativeTarget section */
		BB6D362A2B09723300E8196C /* MetalProject */ = {
			isa = PBXNativeTarget;
			buildConfigurationList = BB6D363F2B09723400E8196C /* Build configuration list for PBXNativeTarget "MetalProject" */;
			buildPhases = (
				BB6D36272B09723300E8196C /* Sources */,
				BB6D36282B09723300E8196C /* Frameworks */,
				BB6D36292B09723300E8196C /* Resources */,
			);
			buildRules = (
			);
			dependencies = (
			);
			name = MetalProject;
			productName = MetalProject;
			productReference = BB6D362B2B09723300E8196C /* MetalProject.app */;
			productType = "com.apple.product-type.application";
		};
/* End PBXNativeTarget section */

/* Begin PBXProject section */
		BB6D36232B09723300E8196C /* Project object */ = {
			isa = PBXProject;
			attributes = {
				BuildIndependentTargetsInParallel = 1;
				LastSwiftUpdateCheck = 1500;
				LastUpgradeCheck = 1500;
				TargetAttributes = {
					BB6D362A2B09723300E8196C = {
						CreatedOnToolsVersion = 15.0.1;
					};
				};
			};
			buildConfigurationList = BB6D36262B09723300E8196C /* Build configuration list for PBXProject "MetalProject" */;
			compatibilityVersion = "Xcode 14.0";
			developmentRegion = en;
			hasScannedForEncodings = 0;
			knownRegions = (
				en,
				Base,
			);
			mainGroup = BB6D36222B09723300E8196C;
			productRefGroup = BB6D362C2B09723300E8196C /* Products */;
			projectDirPath = "";
			projectRoot = "";
			targets = (
				BB6D362A2B09723300E8196C /* MetalProject */,
			);
		};
/* End PBXProject section */

/* Begin PBXResourcesBuildPhase section */
		BB6D36292B09723300E8196C /* Resources */ = {
			isa = PBXResourcesBuildPhase;
			buildActionMask = 2147483647;
			files = (
				BB0BC8752B2244400052DD7F /* tree.mtl in Resources */,
				BB6D363B2B09723400E8196C /* LaunchScreen.storyboard in Resources */,
				BB0BC8732B22443C0052DD7F /* tree.obj in Resources */,
				BB5B88072B214B250030034C /* Cube.obj in Resources */,
				BB5B88092B214ECA0030034C /* Cube2.obj in Resources */,
				BB6D36382B09723400E8196C /* Assets.xcassets in Resources */,
				BB6D36362B09723300E8196C /* Main.storyboard in Resources */,
				BB5B88052B213A4D0030034C /* SnowmanMaterial.lib in Resources */,
				BB5B88032B213A470030034C /* Snowman.obj in Resources */,
			);
			runOnlyForDeploymentPostprocessing = 0;
		};
/* End PBXResourcesBuildPhase section */

/* Begin PBXSourcesBuildPhase section */
		BB6D36272B09723300E8196C /* Sources */ = {
			isa = PBXSourcesBuildPhase;
			buildActionMask = 2147483647;
			files = (
				BB5B88012B2132D20030034C /* Camera.swift in Sources */,
				BB5B87FF2B2132800030034C /* Model.swift in Sources */,
				BB6D36432B097B5A00E8196C /* Renderer.swift in Sources */,
				BB6D36332B09723300E8196C /* ViewController.swift in Sources */,
				BB4144812B0BE91A005FE07D /* Cube.swift in Sources */,
				BB6D362F2B09723300E8196C /* AppDelegate.swift in Sources */,
				BB6D36452B0980D300E8196C /* Shader.metal in Sources */,
				BB6D36312B09723300E8196C /* SceneDelegate.swift in Sources */,
			);
			runOnlyForDeploymentPostprocessing = 0;
		};
/* End PBXSourcesBuildPhase section */

/* Begin PBXVariantGroup section */
		BB6D36342B09723300E8196C /* Main.storyboard */ = {
			isa = PBXVariantGroup;
			children = (
				BB6D36352B09723300E8196C /* Base */,
			);
			name = Main.storyboard;
			sourceTree = "<group>";
		};
		BB6D36392B09723400E8196C /* LaunchScreen.storyboard */ = {
			isa = PBXVariantGroup;
			children = (
				BB6D363A2B09723400E8196C /* Base */,
			);
			name = LaunchScreen.storyboard;
			sourceTree = "<group>";
		};
/* End PBXVariantGroup section */

/* Begin XCBuildConfiguration section */
		BB6D363D2B09723400E8196C /* Debug */ = {
			isa = XCBuildConfiguration;
			buildSettings = {
				ALWAYS_SEARCH_USER_PATHS = NO;
				ASSETCATALOG_COMPILER_GENERATE_SWIFT_ASSET_SYMBOL_EXTENSIONS = YES;
				CLANG_ANALYZER_NONNULL = YES;
				CLANG_ANALYZER_NUMBER_OBJECT_CONVERSION = YES_AGGRESSIVE;
				CLANG_CXX_LANGUAGE_STANDARD = "gnu++20";
				CLANG_ENABLE_MODULES = YES;
				CLANG_ENABLE_OBJC_ARC = YES;
				CLANG_ENABLE_OBJC_WEAK = YES;
				CLANG_WARN_BLOCK_CAPTURE_AUTORELEASING = YES;
				CLANG_WARN_BOOL_CONVERSION = YES;
				CLANG_WARN_COMMA = YES;
				CLANG_WARN_CONSTANT_CONVERSION = YES;
				CLANG_WARN_DEPRECATED_OBJC_IMPLEMENTATIONS = YES;
				CLANG_WARN_DIRECT_OBJC_ISA_USAGE = YES_ERROR;
				CLANG_WARN_DOCUMENTATION_COMMENTS = YES;
				CLANG_WARN_EMPTY_BODY = YES;
				CLANG_WARN_ENUM_CONVERSION = YES;
				CLANG_WARN_INFINITE_RECURSION = YES;
				CLANG_WARN_INT_CONVERSION = YES;
				CLANG_WARN_NON_LITERAL_NULL_CONVERSION = YES;
				CLANG_WARN_OBJC_IMPLICIT_RETAIN_SELF = YES;
				CLANG_WARN_OBJC_LITERAL_CONVERSION = YES;
				CLANG_WARN_OBJC_ROOT_CLASS = YES_ERROR;
				CLANG_WARN_QUOTED_INCLUDE_IN_FRAMEWORK_HEADER = YES;
				CLANG_WARN_RANGE_LOOP_ANALYSIS = YES;
				CLANG_WARN_STRICT_PROTOTYPES = YES;
				CLANG_WARN_SUSPICIOUS_MOVE = YES;
				CLANG_WARN_UNGUARDED_AVAILABILITY = YES_AGGRESSIVE;
				CLANG_WARN_UNREACHABLE_CODE = YES;
				CLANG_WARN__DUPLICATE_METHOD_MATCH = YES;
				COPY_PHASE_STRIP = NO;
				DEBUG_INFORMATION_FORMAT = dwarf;
				ENABLE_STRICT_OBJC_MSGSEND = YES;
				ENABLE_TESTABILITY = YES;
				ENABLE_USER_SCRIPT_SANDBOXING = YES;
				GCC_C_LANGUAGE_STANDARD = gnu17;
				GCC_DYNAMIC_NO_PIC = NO;
				GCC_NO_COMMON_BLOCKS = YES;
				GCC_OPTIMIZATION_LEVEL = 0;
				GCC_PREPROCESSOR_DEFINITIONS = (
					"DEBUG=1",
					"$(inherited)",
				);
				GCC_WARN_64_TO_32_BIT_CONVERSION = YES;
				GCC_WARN_ABOUT_RETURN_TYPE = YES_ERROR;
				GCC_WARN_UNDECLARED_SELECTOR = YES;
				GCC_WARN_UNINITIALIZED_AUTOS = YES_AGGRESSIVE;
				GCC_WARN_UNUSED_FUNCTION = YES;
				GCC_WARN_UNUSED_VARIABLE = YES;
				IPHONEOS_DEPLOYMENT_TARGET = 17.0;
				LOCALIZATION_PREFERS_STRING_CATALOGS = YES;
				MTL_ENABLE_DEBUG_INFO = INCLUDE_SOURCE;
				MTL_FAST_MATH = YES;
				ONLY_ACTIVE_ARCH = YES;
				SDKROOT = iphoneos;
				SWIFT_ACTIVE_COMPILATION_CONDITIONS = "DEBUG $(inherited)";
				SWIFT_OPTIMIZATION_LEVEL = "-Onone";
			};
			name = Debug;
		};
		BB6D363E2B09723400E8196C /* Release */ = {
			isa = XCBuildConfiguration;
			buildSettings = {
				ALWAYS_SEARCH_USER_PATHS = NO;
				ASSETCATALOG_COMPILER_GENERATE_SWIFT_ASSET_SYMBOL_EXTENSIONS = YES;
				CLANG_ANALYZER_NONNULL = YES;
				CLANG_ANALYZER_NUMBER_OBJECT_CONVERSION = YES_AGGRESSIVE;
				CLANG_CXX_LANGUAGE_STANDARD = "gnu++20";
				CLANG_ENABLE_MODULES = YES;
				CLANG_ENABLE_OBJC_ARC = YES;
				CLANG_ENABLE_OBJC_WEAK = YES;
				CLANG_WARN_BLOCK_CAPTURE_AUTORELEASING = YES;
				CLANG_WARN_BOOL_CONVERSION = YES;
				CLANG_WARN_COMMA = YES;
				CLANG_WARN_CONSTANT_CONVERSION = YES;
				CLANG_WARN_DEPRECATED_OBJC_IMPLEMENTATIONS = YES;
				CLANG_WARN_DIRECT_OBJC_ISA_USAGE = YES_ERROR;
				CLANG_WARN_DOCUMENTATION_COMMENTS = YES;
				CLANG_WARN_EMPTY_BODY = YES;
				CLANG_WARN_ENUM_CONVERSION = YES;
				CLANG_WARN_INFINITE_RECURSION = YES;
				CLANG_WARN_INT_CONVERSION = YES;
				CLANG_WARN_NON_LITERAL_NULL_CONVERSION = YES;
				CLANG_WARN_OBJC_IMPLICIT_RETAIN_SELF = YES;
				CLANG_WARN_OBJC_LITERAL_CONVERSION = YES;
				CLANG_WARN_OBJC_ROOT_CLASS = YES_ERROR;
				CLANG_WARN_QUOTED_INCLUDE_IN_FRAMEWORK_HEADER = YES;
				CLANG_WARN_RANGE_LOOP_ANALYSIS = YES;
				CLANG_WARN_STRICT_PROTOTYPES = YES;
				CLANG_WARN_SUSPICIOUS_MOVE = YES;
				CLANG_WARN_UNGUARDED_AVAILABILITY = YES_AGGRESSIVE;
				CLANG_WARN_UNREACHABLE_CODE = YES;
				CLANG_WARN__DUPLICATE_METHOD_MATCH = YES;
				COPY_PHASE_STRIP = NO;
				DEBUG_INFORMATION_FORMAT = "dwarf-with-dsym";
				ENABLE_NS_ASSERTIONS = NO;
				ENABLE_STRICT_OBJC_MSGSEND = YES;
				ENABLE_USER_SCRIPT_SANDBOXING = YES;
				GCC_C_LANGUAGE_STANDARD = gnu17;
				GCC_NO_COMMON_BLOCKS = YES;
				GCC_WARN_64_TO_32_BIT_CONVERSION = YES;
				GCC_WARN_ABOUT_RETURN_TYPE = YES_ERROR;
				GCC_WARN_UNDECLARED_SELECTOR = YES;
				GCC_WARN_UNINITIALIZED_AUTOS = YES_AGGRESSIVE;
				GCC_WARN_UNUSED_FUNCTION = YES;
				GCC_WARN_UNUSED_VARIABLE = YES;
				IPHONEOS_DEPLOYMENT_TARGET = 17.0;
				LOCALIZATION_PREFERS_STRING_CATALOGS = YES;
				MTL_ENABLE_DEBUG_INFO = NO;
				MTL_FAST_MATH = YES;
				SDKROOT = iphoneos;
				SWIFT_COMPILATION_MODE = wholemodule;
				VALIDATE_PRODUCT = YES;
			};
			name = Release;
		};
		BB6D36402B09723400E8196C /* Debug */ = {
			isa = XCBuildConfiguration;
			buildSettings = {
				ASSETCATALOG_COMPILER_APPICON_NAME = AppIcon;
				ASSETCATALOG_COMPILER_GLOBAL_ACCENT_COLOR_NAME = AccentColor;
				CODE_SIGN_STYLE = Automatic;
				CURRENT_PROJECT_VERSION = 1;
				GENERATE_INFOPLIST_FILE = YES;
				INFOPLIST_FILE = MetalProject/Info.plist;
				INFOPLIST_KEY_UIApplicationSupportsIndirectInputEvents = YES;
				INFOPLIST_KEY_UILaunchStoryboardName = LaunchScreen;
				INFOPLIST_KEY_UIMainStoryboardFile = Main;
				INFOPLIST_KEY_UISupportedInterfaceOrientations_iPad = "UIInterfaceOrientationPortrait UIInterfaceOrientationPortraitUpsideDown UIInterfaceOrientationLandscapeLeft UIInterfaceOrientationLandscapeRight";
				INFOPLIST_KEY_UISupportedInterfaceOrientations_iPhone = "UIInterfaceOrientationPortrait UIInterfaceOrientationLandscapeLeft UIInterfaceOrientationLandscapeRight";
				LD_RUNPATH_SEARCH_PATHS = (
					"$(inherited)",
					"@executable_path/Frameworks",
				);
				MARKETING_VERSION = 1.0;
				PRODUCT_BUNDLE_IDENTIFIER = cis357.MetalProject;
				PRODUCT_NAME = "$(TARGET_NAME)";
				SWIFT_EMIT_LOC_STRINGS = YES;
				SWIFT_VERSION = 5.0;
				TARGETED_DEVICE_FAMILY = "1,2";
			};
			name = Debug;
		};
		BB6D36412B09723400E8196C /* Release */ = {
			isa = XCBuildConfiguration;
			buildSettings = {
				ASSETCATALOG_COMPILER_APPICON_NAME = AppIcon;
				ASSETCATALOG_COMPILER_GLOBAL_ACCENT_COLOR_NAME = AccentColor;
				CODE_SIGN_STYLE = Automatic;
				CURRENT_PROJECT_VERSION = 1;
				GENERATE_INFOPLIST_FILE = YES;
				INFOPLIST_FILE = MetalProject/Info.plist;
				INFOPLIST_KEY_UIApplicationSupportsIndirectInputEvents = YES;
				INFOPLIST_KEY_UILaunchStoryboardName = LaunchScreen;
				INFOPLIST_KEY_UIMainStoryboardFile = Main;
				INFOPLIST_KEY_UISupportedInterfaceOrientations_iPad = "UIInterfaceOrientationPortrait UIInterfaceOrientationPortraitUpsideDown UIInterfaceOrientationLandscapeLeft UIInterfaceOrientationLandscapeRight";
				INFOPLIST_KEY_UISupportedInterfaceOrientations_iPhone = "UIInterfaceOrientationPortrait UIInterfaceOrientationLandscapeLeft UIInterfaceOrientationLandscapeRight";
				LD_RUNPATH_SEARCH_PATHS = (
					"$(inherited)",
					"@executable_path/Frameworks",
				);
				MARKETING_VERSION = 1.0;
				PRODUCT_BUNDLE_IDENTIFIER = cis357.MetalProject;
				PRODUCT_NAME = "$(TARGET_NAME)";
				SWIFT_EMIT_LOC_STRINGS = YES;
				SWIFT_VERSION = 5.0;
				TARGETED_DEVICE_FAMILY = "1,2";
			};
			name = Release;
		};
/* End XCBuildConfiguration section */

/* Begin XCConfigurationList section */
		BB6D36262B09723300E8196C /* Build configuration list for PBXProject "MetalProject" */ = {
			isa = XCConfigurationList;
			buildConfigurations = (
				BB6D363D2B09723400E8196C /* Debug */,
				BB6D363E2B09723400E8196C /* Release */,
			);
			defaultConfigurationIsVisible = 0;
			defaultConfigurationName = Release;
		};
		BB6D363F2B09723400E8196C /* Build configuration list for PBXNativeTarget "MetalProject" */ = {
			isa = XCConfigurationList;
			buildConfigurations = (
				BB6D36402B09723400E8196C /* Debug */,
				BB6D36412B09723400E8196C /* Release */,
			);
			defaultConfigurationIsVisible = 0;
			defaultConfigurationName = Release;
		};
/* End XCConfigurationList section */
	};
	rootObject = BB6D36232B09723300E8196C /* Project object */;
}
